// !$*UTF8*$!
{
	archiveVersion = 1;
	classes = {
	};
	objectVersion = 56;
	objects = {

/* Begin PBXBuildFile section */
		CF0B90EE2AC72E15004BD7B3 /* ExpenseView.swift in Sources */ = {isa = PBXBuildFile; fileRef = CF0B90ED2AC72E15004BD7B3 /* ExpenseView.swift */; };
		CF5EB9A92AD19DBC00ABB490 /* PieChartView.swift in Sources */ = {isa = PBXBuildFile; fileRef = CF5EB9A82AD19DBC00ABB490 /* PieChartView.swift */; };
		CF9ADA762ACC06440038741A /* BeginningBudgetView.swift in Sources */ = {isa = PBXBuildFile; fileRef = CF9ADA752ACC06440038741A /* BeginningBudgetView.swift */; };
		CF9ADA782ACC0DB70038741A /* PieSliceView.swift in Sources */ = {isa = PBXBuildFile; fileRef = CF9ADA772ACC0DB70038741A /* PieSliceView.swift */; };
		CFA9BE5F2AC32BF9007ACDD2 /* MyBudgetApp.swift in Sources */ = {isa = PBXBuildFile; fileRef = CFA9BE5E2AC32BF9007ACDD2 /* MyBudgetApp.swift */; };
		CFA9BE612AC32BF9007ACDD2 /* MainView.swift in Sources */ = {isa = PBXBuildFile; fileRef = CFA9BE602AC32BF9007ACDD2 /* MainView.swift */; };
		CFA9BE632AC32BFA007ACDD2 /* Assets.xcassets in Resources */ = {isa = PBXBuildFile; fileRef = CFA9BE622AC32BFA007ACDD2 /* Assets.xcassets */; };
		CFA9BE662AC32BFA007ACDD2 /* Preview Assets.xcassets in Resources */ = {isa = PBXBuildFile; fileRef = CFA9BE652AC32BFA007ACDD2 /* Preview Assets.xcassets */; };
		CFB7D2192AC71B9F00E1A96C /* IncomeView.swift in Sources */ = {isa = PBXBuildFile; fileRef = CFB7D2182AC71B9F00E1A96C /* IncomeView.swift */; };
		CFDFA95E2ACAC86700550275 /* IncomeHistoryView.swift in Sources */ = {isa = PBXBuildFile; fileRef = CFDFA95D2ACAC86700550275 /* IncomeHistoryView.swift */; };
		CFDFA9602ACAC87D00550275 /* ExpenseHistoryView.swift in Sources */ = {isa = PBXBuildFile; fileRef = CFDFA95F2ACAC87D00550275 /* ExpenseHistoryView.swift */; };
/* End PBXBuildFile section */

/* Begin PBXFileReference section */
		CF0B90ED2AC72E15004BD7B3 /* ExpenseView.swift */ = {isa = PBXFileReference; lastKnownFileType = sourcecode.swift; path = ExpenseView.swift; sourceTree = SOURCE_ROOT; };
		CF5EB9A82AD19DBC00ABB490 /* PieChartView.swift */ = {isa = PBXFileReference; lastKnownFileType = sourcecode.swift; path = PieChartView.swift; sourceTree = "<group>"; };
		CF9ADA752ACC06440038741A /* BeginningBudgetView.swift */ = {isa = PBXFileReference; lastKnownFileType = sourcecode.swift; path = BeginningBudgetView.swift; sourceTree = "<group>"; usesTabs = 0; };
		CF9ADA772ACC0DB70038741A /* PieSliceView.swift */ = {isa = PBXFileReference; lastKnownFileType = sourcecode.swift; path = PieSliceView.swift; sourceTree = "<group>"; };
		CFA9BE5B2AC32BF9007ACDD2 /* MyBudgetApp.app */ = {isa = PBXFileReference; explicitFileType = wrapper.application; includeInIndex = 0; path = MyBudgetApp.app; sourceTree = BUILT_PRODUCTS_DIR; };
		CFA9BE5E2AC32BF9007ACDD2 /* MyBudgetApp.swift */ = {isa = PBXFileReference; lastKnownFileType = sourcecode.swift; path = MyBudgetApp.swift; sourceTree = "<group>"; };
		CFA9BE602AC32BF9007ACDD2 /* MainView.swift */ = {isa = PBXFileReference; lastKnownFileType = sourcecode.swift; path = MainView.swift; sourceTree = "<group>"; };
		CFA9BE622AC32BFA007ACDD2 /* Assets.xcassets */ = {isa = PBXFileReference; lastKnownFileType = folder.assetcatalog; path = Assets.xcassets; sourceTree = "<group>"; };
		CFA9BE652AC32BFA007ACDD2 /* Preview Assets.xcassets */ = {isa = PBXFileReference; lastKnownFileType = folder.assetcatalog; path = "Preview Assets.xcassets"; sourceTree = "<group>"; };
		CFB7D2182AC71B9F00E1A96C /* IncomeView.swift */ = {isa = PBXFileReference; lastKnownFileType = sourcecode.swift; path = IncomeView.swift; sourceTree = "<group>"; };
		CFDFA95D2ACAC86700550275 /* IncomeHistoryView.swift */ = {isa = PBXFileReference; lastKnownFileType = sourcecode.swift; path = IncomeHistoryView.swift; sourceTree = "<group>"; };
		CFDFA95F2ACAC87D00550275 /* ExpenseHistoryView.swift */ = {isa = PBXFileReference; lastKnownFileType = sourcecode.swift; path = ExpenseHistoryView.swift; sourceTree = "<group>"; };
/* End PBXFileReference section */

/* Begin PBXFrameworksBuildPhase section */
		CFA9BE582AC32BF9007ACDD2 /* Frameworks */ = {
			isa = PBXFrameworksBuildPhase;
			buildActionMask = 2147483647;
			files = (
			);
			runOnlyForDeploymentPostprocessing = 0;
		};
/* End PBXFrameworksBuildPhase section */

/* Begin PBXGroup section */
		CFA9BE522AC32BF9007ACDD2 = {
			isa = PBXGroup;
			children = (
				CFA9BE5D2AC32BF9007ACDD2 /* MyBudgetApp */,
				CFA9BE5C2AC32BF9007ACDD2 /* Products */,
			);
			sourceTree = "<group>";
		};
		CFA9BE5C2AC32BF9007ACDD2 /* Products */ = {
			isa = PBXGroup;
			children = (
				CFA9BE5B2AC32BF9007ACDD2 /* MyBudgetApp.app */,
			);
			name = Products;
			sourceTree = "<group>";
		};
		CFA9BE5D2AC32BF9007ACDD2 /* MyBudgetApp */ = {
			isa = PBXGroup;
			children = (
				CF9ADA752ACC06440038741A /* BeginningBudgetView.swift */,
				CFDFA95F2ACAC87D00550275 /* ExpenseHistoryView.swift */,
				CF0B90ED2AC72E15004BD7B3 /* ExpenseView.swift */,
				CFDFA95D2ACAC86700550275 /* IncomeHistoryView.swift */,
				CFB7D2182AC71B9F00E1A96C /* IncomeView.swift */,
				CFA9BE602AC32BF9007ACDD2 /* MainView.swift */,
				CF5EB9A82AD19DBC00ABB490 /* PieChartView.swift */,
				CFA9BE5E2AC32BF9007ACDD2 /* MyBudgetApp.swift */,
				CF9ADA772ACC0DB70038741A /* PieSliceView.swift */,
				CFA9BE622AC32BFA007ACDD2 /* Assets.xcassets */,
				CFA9BE642AC32BFA007ACDD2 /* Preview Content */,
			);
			path = MyBudgetApp;
			sourceTree = "<group>";
		};
		CFA9BE642AC32BFA007ACDD2 /* Preview Content */ = {
			isa = PBXGroup;
			children = (
				CFA9BE652AC32BFA007ACDD2 /* Preview Assets.xcassets */,
			);
			path = "Preview Content";
			sourceTree = "<group>";
		};
/* End PBXGroup section */

/* Begin PBXNativeTarget section */
		CFA9BE5A2AC32BF9007ACDD2 /* MyBudgetApp */ = {
			isa = PBXNativeTarget;
			buildConfigurationList = CFA9BE692AC32BFA007ACDD2 /* Build configuration list for PBXNativeTarget "MyBudgetApp" */;
			buildPhases = (
				CFA9BE572AC32BF9007ACDD2 /* Sources */,
				CFA9BE582AC32BF9007ACDD2 /* Frameworks */,
				CFA9BE592AC32BF9007ACDD2 /* Resources */,
			);
			buildRules = (
			);
			dependencies = (
			);
			name = MyBudgetApp;
			productName = MyBudgetApp;
			productReference = CFA9BE5B2AC32BF9007ACDD2 /* MyBudgetApp.app */;
			productType = "com.apple.product-type.application";
		};
/* End PBXNativeTarget section */

/* Begin PBXProject section */
		CFA9BE532AC32BF9007ACDD2 /* Project object */ = {
			isa = PBXProject;
			attributes = {
				BuildIndependentTargetsInParallel = 1;
				LastSwiftUpdateCheck = 1500;
				LastUpgradeCheck = 1500;
				TargetAttributes = {
					CFA9BE5A2AC32BF9007ACDD2 = {
						CreatedOnToolsVersion = 15.0;
					};
				};
			};
			buildConfigurationList = CFA9BE562AC32BF9007ACDD2 /* Build configuration list for PBXProject "MyBudgetApp" */;
			compatibilityVersion = "Xcode 14.0";
			developmentRegion = en;
			hasScannedForEncodings = 0;
			knownRegions = (
				en,
				Base,
			);
			mainGroup = CFA9BE522AC32BF9007ACDD2;
			productRefGroup = CFA9BE5C2AC32BF9007ACDD2 /* Products */;
			projectDirPath = "";
			projectRoot = "";
			targets = (
				CFA9BE5A2AC32BF9007ACDD2 /* MyBudgetApp */,
			);
		};
/* End PBXProject section */

/* Begin PBXResourcesBuildPhase section */
		CFA9BE592AC32BF9007ACDD2 /* Resources */ = {
			isa = PBXResourcesBuildPhase;
			buildActionMask = 2147483647;
			files = (
				CFA9BE662AC32BFA007ACDD2 /* Preview Assets.xcassets in Resources */,
				CFA9BE632AC32BFA007ACDD2 /* Assets.xcassets in Resources */,
			);
			runOnlyForDeploymentPostprocessing = 0;
		};
/* End PBXResourcesBuildPhase section */

/* Begin PBXSourcesBuildPhase section */
		CFA9BE572AC32BF9007ACDD2 /* Sources */ = {
			isa = PBXSourcesBuildPhase;
			buildActionMask = 2147483647;
			files = (
				CFDFA95E2ACAC86700550275 /* IncomeHistoryView.swift in Sources */,
				CF9ADA762ACC06440038741A /* BeginningBudgetView.swift in Sources */,
				CF5EB9A92AD19DBC00ABB490 /* PieChartView.swift in Sources */,
				CFA9BE612AC32BF9007ACDD2 /* MainView.swift in Sources */,
				CFB7D2192AC71B9F00E1A96C /* IncomeView.swift in Sources */,
				CFA9BE5F2AC32BF9007ACDD2 /* MyBudgetApp.swift in Sources */,
				CFDFA9602ACAC87D00550275 /* ExpenseHistoryView.swift in Sources */,
				CF9ADA782ACC0DB70038741A /* PieSliceView.swift in Sources */,
				CF0B90EE2AC72E15004BD7B3 /* ExpenseView.swift in Sources */,
			);
			runOnlyForDeploymentPostprocessing = 0;
		};
/* End PBXSourcesBuildPhase section */

/* Begin XCBuildConfiguration section */
		CFA9BE672AC32BFA007ACDD2 /* Debug */ = {
			isa = XCBuildConfiguration;
			buildSettings = {
				ALWAYS_SEARCH_USER_PATHS = NO;
				ASSETCATALOG_COMPILER_GENERATE_SWIFT_ASSET_SYMBOL_EXTENSIONS = YES;
				CLANG_ANALYZER_NONNULL = YES;
				CLANG_ANALYZER_NUMBER_OBJECT_CONVERSION = YES_AGGRESSIVE;
				CLANG_CXX_LANGUAGE_STANDARD = "gnu++20";
				CLANG_ENABLE_MODULES = YES;
				CLANG_ENABLE_OBJC_ARC = YES;
				CLANG_ENABLE_OBJC_WEAK = YES;
				CLANG_WARN_BLOCK_CAPTURE_AUTORELEASING = YES;
				CLANG_WARN_BOOL_CONVERSION = YES;
				CLANG_WARN_COMMA = YES;
				CLANG_WARN_CONSTANT_CONVERSION = YES;
				CLANG_WARN_DEPRECATED_OBJC_IMPLEMENTATIONS = YES;
				CLANG_WARN_DIRECT_OBJC_ISA_USAGE = YES_ERROR;
				CLANG_WARN_DOCUMENTATION_COMMENTS = YES;
				CLANG_WARN_EMPTY_BODY = YES;
				CLANG_WARN_ENUM_CONVERSION = YES;
				CLANG_WARN_INFINITE_RECURSION = YES;
				CLANG_WARN_INT_CONVERSION = YES;
				CLANG_WARN_NON_LITERAL_NULL_CONVERSION = YES;
				CLANG_WARN_OBJC_IMPLICIT_RETAIN_SELF = YES;
				CLANG_WARN_OBJC_LITERAL_CONVERSION = YES;
				CLANG_WARN_OBJC_ROOT_CLASS = YES_ERROR;
				CLANG_WARN_QUOTED_INCLUDE_IN_FRAMEWORK_HEADER = YES;
				CLANG_WARN_RANGE_LOOP_ANALYSIS = YES;
				CLANG_WARN_STRICT_PROTOTYPES = YES;
				CLANG_WARN_SUSPICIOUS_MOVE = YES;
				CLANG_WARN_UNGUARDED_AVAILABILITY = YES_AGGRESSIVE;
				CLANG_WARN_UNREACHABLE_CODE = YES;
				CLANG_WARN__DUPLICATE_METHOD_MATCH = YES;
				COPY_PHASE_STRIP = NO;
				DEBUG_INFORMATION_FORMAT = dwarf;
				ENABLE_STRICT_OBJC_MSGSEND = YES;
				ENABLE_TESTABILITY = YES;
				ENABLE_USER_SCRIPT_SANDBOXING = YES;
				GCC_C_LANGUAGE_STANDARD = gnu17;
				GCC_DYNAMIC_NO_PIC = NO;
				GCC_NO_COMMON_BLOCKS = YES;
				GCC_OPTIMIZATION_LEVEL = 0;
				GCC_PREPROCESSOR_DEFINITIONS = (
					"DEBUG=1",
					"$(inherited)",
				);
				GCC_WARN_64_TO_32_BIT_CONVERSION = YES;
				GCC_WARN_ABOUT_RETURN_TYPE = YES_ERROR;
				GCC_WARN_UNDECLARED_SELECTOR = YES;
				GCC_WARN_UNINITIALIZED_AUTOS = YES_AGGRESSIVE;
				GCC_WARN_UNUSED_FUNCTION = YES;
				GCC_WARN_UNUSED_VARIABLE = YES;
				IPHONEOS_DEPLOYMENT_TARGET = 17.0;
				LOCALIZATION_PREFERS_STRING_CATALOGS = YES;
				MTL_ENABLE_DEBUG_INFO = INCLUDE_SOURCE;
				MTL_FAST_MATH = YES;
				ONLY_ACTIVE_ARCH = YES;
				SDKROOT = iphoneos;
				SWIFT_ACTIVE_COMPILATION_CONDITIONS = "DEBUG $(inherited)";
				SWIFT_OPTIMIZATION_LEVEL = "-Onone";
			};
			name = Debug;
		};
		CFA9BE682AC32BFA007ACDD2 /* Release */ = {
			isa = XCBuildConfiguration;
			buildSettings = {
				ALWAYS_SEARCH_USER_PATHS = NO;
				ASSETCATALOG_COMPILER_GENERATE_SWIFT_ASSET_SYMBOL_EXTENSIONS = YES;
				CLANG_ANALYZER_NONNULL = YES;
				CLANG_ANALYZER_NUMBER_OBJECT_CONVERSION = YES_AGGRESSIVE;
				CLANG_CXX_LANGUAGE_STANDARD = "gnu++20";
				CLANG_ENABLE_MODULES = YES;
				CLANG_ENABLE_OBJC_ARC = YES;
				CLANG_ENABLE_OBJC_WEAK = YES;
				CLANG_WARN_BLOCK_CAPTURE_AUTORELEASING = YES;
				CLANG_WARN_BOOL_CONVERSION = YES;
				CLANG_WARN_COMMA = YES;
				CLANG_WARN_CONSTANT_CONVERSION = YES;
				CLANG_WARN_DEPRECATED_OBJC_IMPLEMENTATIONS = YES;
				CLANG_WARN_DIRECT_OBJC_ISA_USAGE = YES_ERROR;
				CLANG_WARN_DOCUMENTATION_COMMENTS = YES;
				CLANG_WARN_EMPTY_BODY = YES;
				CLANG_WARN_ENUM_CONVERSION = YES;
				CLANG_WARN_INFINITE_RECURSION = YES;
				CLANG_WARN_INT_CONVERSION = YES;
				CLANG_WARN_NON_LITERAL_NULL_CONVERSION = YES;
				CLANG_WARN_OBJC_IMPLICIT_RETAIN_SELF = YES;
				CLANG_WARN_OBJC_LITERAL_CONVERSION = YES;
				CLANG_WARN_OBJC_ROOT_CLASS = YES_ERROR;
				CLANG_WARN_QUOTED_INCLUDE_IN_FRAMEWORK_HEADER = YES;
				CLANG_WARN_RANGE_LOOP_ANALYSIS = YES;
				CLANG_WARN_STRICT_PROTOTYPES = YES;
				CLANG_WARN_SUSPICIOUS_MOVE = YES;
				CLANG_WARN_UNGUARDED_AVAILABILITY = YES_AGGRESSIVE;
				CLANG_WARN_UNREACHABLE_CODE = YES;
				CLANG_WARN__DUPLICATE_METHOD_MATCH = YES;
				COPY_PHASE_STRIP = NO;
				DEBUG_INFORMATION_FORMAT = "dwarf-with-dsym";
				ENABLE_NS_ASSERTIONS = NO;
				ENABLE_STRICT_OBJC_MSGSEND = YES;
				ENABLE_USER_SCRIPT_SANDBOXING = YES;
				GCC_C_LANGUAGE_STANDARD = gnu17;
				GCC_NO_COMMON_BLOCKS = YES;
				GCC_WARN_64_TO_32_BIT_CONVERSION = YES;
				GCC_WARN_ABOUT_RETURN_TYPE = YES_ERROR;
				GCC_WARN_UNDECLARED_SELECTOR = YES;
				GCC_WARN_UNINITIALIZED_AUTOS = YES_AGGRESSIVE;
				GCC_WARN_UNUSED_FUNCTION = YES;
				GCC_WARN_UNUSED_VARIABLE = YES;
				IPHONEOS_DEPLOYMENT_TARGET = 17.0;
				LOCALIZATION_PREFERS_STRING_CATALOGS = YES;
				MTL_ENABLE_DEBUG_INFO = NO;
				MTL_FAST_MATH = YES;
				SDKROOT = iphoneos;
				SWIFT_COMPILATION_MODE = wholemodule;
				VALIDATE_PRODUCT = YES;
			};
			name = Release;
		};
		CFA9BE6A2AC32BFA007ACDD2 /* Debug */ = {
			isa = XCBuildConfiguration;
			buildSettings = {
				ASSETCATALOG_COMPILER_APPICON_NAME = AppIcon;
				ASSETCATALOG_COMPILER_GLOBAL_ACCENT_COLOR_NAME = AccentColor;
				CODE_SIGN_STYLE = Automatic;
				CURRENT_PROJECT_VERSION = 1;
				DEVELOPMENT_ASSET_PATHS = "\"MyBudgetApp/Preview Content\"";
				DEVELOPMENT_TEAM = B24FCV348F;
				ENABLE_PREVIEWS = YES;
				GENERATE_INFOPLIST_FILE = YES;
				INFOPLIST_FILE = MyBudgetApp/Info.plist;
				INFOPLIST_KEY_UIApplicationSceneManifest_Generation = YES;
				INFOPLIST_KEY_UIApplicationSupportsIndirectInputEvents = YES;
				INFOPLIST_KEY_UILaunchScreen_Generation = YES;
				INFOPLIST_KEY_UISupportedInterfaceOrientations_iPad = "UIInterfaceOrientationPortrait UIInterfaceOrientationPortraitUpsideDown UIInterfaceOrientationLandscapeLeft UIInterfaceOrientationLandscapeRight";
				INFOPLIST_KEY_UISupportedInterfaceOrientations_iPhone = "UIInterfaceOrientationPortrait UIInterfaceOrientationLandscapeLeft UIInterfaceOrientationLandscapeRight";
				IPHONEOS_DEPLOYMENT_TARGET = 17.0;
				LD_RUNPATH_SEARCH_PATHS = (
					"$(inherited)",
					"@executable_path/Frameworks",
				);
				MARKETING_VERSION = 1.0;
				PRODUCT_BUNDLE_IDENTIFIER = com.DiasPTW.MyBudgetApp;
				PRODUCT_NAME = "$(TARGET_NAME)";
				SWIFT_EMIT_LOC_STRINGS = YES;
				SWIFT_VERSION = 5.0;
				TARGETED_DEVICE_FAMILY = "1,2";
			};
			name = Debug;
		};
		CFA9BE6B2AC32BFA007ACDD2 /* Release */ = {
			isa = XCBuildConfiguration;
			buildSettings = {
				ASSETCATALOG_COMPILER_APPICON_NAME = AppIcon;
				ASSETCATALOG_COMPILER_GLOBAL_ACCENT_COLOR_NAME = AccentColor;
				CODE_SIGN_STYLE = Automatic;
				CURRENT_PROJECT_VERSION = 1;
				DEVELOPMENT_ASSET_PATHS = "\"MyBudgetApp/Preview Content\"";
				DEVELOPMENT_TEAM = B24FCV348F;
				ENABLE_PREVIEWS = YES;
				GENERATE_INFOPLIST_FILE = YES;
				INFOPLIST_FILE = MyBudgetApp/Info.plist;
				INFOPLIST_KEY_UIApplicationSceneManifest_Generation = YES;
				INFOPLIST_KEY_UIApplicationSupportsIndirectInputEvents = YES;
				INFOPLIST_KEY_UILaunchScreen_Generation = YES;
				INFOPLIST_KEY_UISupportedInterfaceOrientations_iPad = "UIInterfaceOrientationPortrait UIInterfaceOrientationPortraitUpsideDown UIInterfaceOrientationLandscapeLeft UIInterfaceOrientationLandscapeRight";
				INFOPLIST_KEY_UISupportedInterfaceOrientations_iPhone = "UIInterfaceOrientationPortrait UIInterfaceOrientationLandscapeLeft UIInterfaceOrientationLandscapeRight";
				IPHONEOS_DEPLOYMENT_TARGET = 17.0;
				LD_RUNPATH_SEARCH_PATHS = (
					"$(inherited)",
					"@executable_path/Frameworks",
				);
				MARKETING_VERSION = 1.0;
				PRODUCT_BUNDLE_IDENTIFIER = com.DiasPTW.MyBudgetApp;
				PRODUCT_NAME = "$(TARGET_NAME)";
				SWIFT_EMIT_LOC_STRINGS = YES;
				SWIFT_VERSION = 5.0;
				TARGETED_DEVICE_FAMILY = "1,2";
			};
			name = Release;
		};
/* End XCBuildConfiguration section */

/* Begin XCConfigurationList section */
		CFA9BE562AC32BF9007ACDD2 /* Build configuration list for PBXProject "MyBudgetApp" */ = {
			isa = XCConfigurationList;
			buildConfigurations = (
				CFA9BE672AC32BFA007ACDD2 /* Debug */,
				CFA9BE682AC32BFA007ACDD2 /* Release */,
			);
			defaultConfigurationIsVisible = 0;
			defaultConfigurationName = Release;
		};
		CFA9BE692AC32BFA007ACDD2 /* Build configuration list for PBXNativeTarget "MyBudgetApp" */ = {
			isa = XCConfigurationList;
			buildConfigurations = (
				CFA9BE6A2AC32BFA007ACDD2 /* Debug */,
				CFA9BE6B2AC32BFA007ACDD2 /* Release */,
			);
			defaultConfigurationIsVisible = 0;
			defaultConfigurationName = Release;
		};
/* End XCConfigurationList section */
	};
	rootObject = CFA9BE532AC32BF9007ACDD2 /* Project object */;
}
